
Microsoft Visual Studio Solution File, Format Version 12.00
# Visual Studio Version 16
VisualStudioVersion = 25.0.1704.0
MinimumVisualStudioVersion = 10.0.40219.1
Project("{FAE04EC0-301F-11D3-BF4B-00C04F79EFBC}") = "MemCal", "MemCal\MemCal.csproj", "{AEDCA541-DE4B-4843-8A30-004EE402716E}"
EndProject
Global
	GlobalSection(SolutionConfigurationPlatforms) = preSolution
		Debug|Any CPU = Debug|Any CPU
		Release|Any CPU = Release|Any CPU
	EndGlobalSection
	GlobalSection(ProjectConfigurationPlatforms) = postSolution
		{AEDCA541-DE4B-4843-8A30-004EE402716E}.Debug|Any CPU.ActiveCfg = Debug|Any CPU
		{AEDCA541-DE4B-4843-8A30-004EE402716E}.Debug|Any CPU.Build.0 = Debug|Any CPU
		{AEDCA541-DE4B-4843-8A30-004EE402716E}.Release|Any CPU.ActiveCfg = Release|Any CPU
		{AEDCA541-DE4B-4843-8A30-004EE402716E}.Release|Any CPU.Build.0 = Release|Any CPU
	EndGlobalSection
	GlobalSection(SolutionProperties) = preSolution
		HideSolutionNode = FALSE
	EndGlobalSection
	GlobalSection(ExtensibilityGlobals) = postSolution
		SolutionGuid = {E15DD464-BFBF-499A-B6DE-02E9E81509F6}
	EndGlobalSection
EndGlobal
